// !$*UTF8*$!
{
	archiveVersion = 1;
	classes = {
	};
	objectVersion = 55;
	objects = {

/* Begin PBXBuildFile section */
		B1D6E7A52B1E99E3001668C9 /* AppDelegate.swift in Sources */ = {isa = PBXBuildFile; fileRef = B1D6E7A42B1E99E3001668C9 /* AppDelegate.swift */; };
		B1D6E7A72B1E99E3001668C9 /* SceneDelegate.swift in Sources */ = {isa = PBXBuildFile; fileRef = B1D6E7A62B1E99E3001668C9 /* SceneDelegate.swift */; };
		B1D6E7A92B1E99E3001668C9 /* ViewController.swift in Sources */ = {isa = PBXBuildFile; fileRef = B1D6E7A82B1E99E3001668C9 /* ViewController.swift */; };
		B1D6E7AC2B1E99E3001668C9 /* Main.storyboard in Resources */ = {isa = PBXBuildFile; fileRef = B1D6E7AA2B1E99E3001668C9 /* Main.storyboard */; };
		B1D6E7AF2B1E99E3001668C9 /* rubiks_cube.xcdatamodeld in Sources */ = {isa = PBXBuildFile; fileRef = B1D6E7AD2B1E99E3001668C9 /* rubiks_cube.xcdatamodeld */; };
		B1D6E7B12B1E99E6001668C9 /* Assets.xcassets in Resources */ = {isa = PBXBuildFile; fileRef = B1D6E7B02B1E99E6001668C9 /* Assets.xcassets */; };
		B1D6E7B42B1E99E6001668C9 /* LaunchScreen.storyboard in Resources */ = {isa = PBXBuildFile; fileRef = B1D6E7B22B1E99E6001668C9 /* LaunchScreen.storyboard */; };
		B1D6E7BF2B1E99E6001668C9 /* rubiks_cubeTests.swift in Sources */ = {isa = PBXBuildFile; fileRef = B1D6E7BE2B1E99E6001668C9 /* rubiks_cubeTests.swift */; };
		B1D6E7C92B1E99E6001668C9 /* rubiks_cubeUITests.swift in Sources */ = {isa = PBXBuildFile; fileRef = B1D6E7C82B1E99E6001668C9 /* rubiks_cubeUITests.swift */; };
		B1D6E7CB2B1E99E6001668C9 /* rubiks_cubeUITestsLaunchTests.swift in Sources */ = {isa = PBXBuildFile; fileRef = B1D6E7CA2B1E99E6001668C9 /* rubiks_cubeUITestsLaunchTests.swift */; };
		B1D6E7D82B1E9A3E001668C9 /* cube.swift in Sources */ = {isa = PBXBuildFile; fileRef = B1D6E7D72B1E9A3E001668C9 /* cube.swift */; };
/* End PBXBuildFile section */

/* Begin PBXContainerItemProxy section */
		B1D6E7BB2B1E99E6001668C9 /* PBXContainerItemProxy */ = {
			isa = PBXContainerItemProxy;
			containerPortal = B1D6E7992B1E99E3001668C9 /* Project object */;
			proxyType = 1;
			remoteGlobalIDString = B1D6E7A02B1E99E3001668C9;
			remoteInfo = rubiks_cube;
		};
		B1D6E7C52B1E99E6001668C9 /* PBXContainerItemProxy */ = {
			isa = PBXContainerItemProxy;
			containerPortal = B1D6E7992B1E99E3001668C9 /* Project object */;
			proxyType = 1;
			remoteGlobalIDString = B1D6E7A02B1E99E3001668C9;
			remoteInfo = rubiks_cube;
		};
/* End PBXContainerItemProxy section */

/* Begin PBXFileReference section */
		B1D6E7A12B1E99E3001668C9 /* rubiks_cube.app */ = {isa = PBXFileReference; explicitFileType = wrapper.application; includeInIndex = 0; path = rubiks_cube.app; sourceTree = BUILT_PRODUCTS_DIR; };
		B1D6E7A42B1E99E3001668C9 /* AppDelegate.swift */ = {isa = PBXFileReference; lastKnownFileType = sourcecode.swift; path = AppDelegate.swift; sourceTree = "<group>"; };
		B1D6E7A62B1E99E3001668C9 /* SceneDelegate.swift */ = {isa = PBXFileReference; lastKnownFileType = sourcecode.swift; path = SceneDelegate.swift; sourceTree = "<group>"; };
		B1D6E7A82B1E99E3001668C9 /* ViewController.swift */ = {isa = PBXFileReference; lastKnownFileType = sourcecode.swift; path = ViewController.swift; sourceTree = "<group>"; };
		B1D6E7AB2B1E99E3001668C9 /* Base */ = {isa = PBXFileReference; lastKnownFileType = file.storyboard; name = Base; path = Base.lproj/Main.storyboard; sourceTree = "<group>"; };
		B1D6E7AE2B1E99E3001668C9 /* rubiks_cube.xcdatamodel */ = {isa = PBXFileReference; lastKnownFileType = wrapper.xcdatamodel; path = rubiks_cube.xcdatamodel; sourceTree = "<group>"; };
		B1D6E7B02B1E99E6001668C9 /* Assets.xcassets */ = {isa = PBXFileReference; lastKnownFileType = folder.assetcatalog; path = Assets.xcassets; sourceTree = "<group>"; };
		B1D6E7B32B1E99E6001668C9 /* Base */ = {isa = PBXFileReference; lastKnownFileType = file.storyboard; name = Base; path = Base.lproj/LaunchScreen.storyboard; sourceTree = "<group>"; };
		B1D6E7B52B1E99E6001668C9 /* Info.plist */ = {isa = PBXFileReference; lastKnownFileType = text.plist.xml; path = Info.plist; sourceTree = "<group>"; };
		B1D6E7BA2B1E99E6001668C9 /* rubiks_cubeTests.xctest */ = {isa = PBXFileReference; explicitFileType = wrapper.cfbundle; includeInIndex = 0; path = rubiks_cubeTests.xctest; sourceTree = BUILT_PRODUCTS_DIR; };
		B1D6E7BE2B1E99E6001668C9 /* rubiks_cubeTests.swift */ = {isa = PBXFileReference; lastKnownFileType = sourcecode.swift; path = rubiks_cubeTests.swift; sourceTree = "<group>"; };
		B1D6E7C42B1E99E6001668C9 /* rubiks_cubeUITests.xctest */ = {isa = PBXFileReference; explicitFileType = wrapper.cfbundle; includeInIndex = 0; path = rubiks_cubeUITests.xctest; sourceTree = BUILT_PRODUCTS_DIR; };
		B1D6E7C82B1E99E6001668C9 /* rubiks_cubeUITests.swift */ = {isa = PBXFileReference; lastKnownFileType = sourcecode.swift; path = rubiks_cubeUITests.swift; sourceTree = "<group>"; };
		B1D6E7CA2B1E99E6001668C9 /* rubiks_cubeUITestsLaunchTests.swift */ = {isa = PBXFileReference; lastKnownFileType = sourcecode.swift; path = rubiks_cubeUITestsLaunchTests.swift; sourceTree = "<group>"; };
		B1D6E7D72B1E9A3E001668C9 /* cube.swift */ = {isa = PBXFileReference; lastKnownFileType = sourcecode.swift; path = cube.swift; sourceTree = "<group>"; };
/* End PBXFileReference section */

/* Begin PBXFrameworksBuildPhase section */
		B1D6E79E2B1E99E3001668C9 /* Frameworks */ = {
			isa = PBXFrameworksBuildPhase;
			buildActionMask = 2147483647;
			files = (
			);
			runOnlyForDeploymentPostprocessing = 0;
		};
		B1D6E7B72B1E99E6001668C9 /* Frameworks */ = {
			isa = PBXFrameworksBuildPhase;
			buildActionMask = 2147483647;
			files = (
			);
			runOnlyForDeploymentPostprocessing = 0;
		};
		B1D6E7C12B1E99E6001668C9 /* Frameworks */ = {
			isa = PBXFrameworksBuildPhase;
			buildActionMask = 2147483647;
			files = (
			);
			runOnlyForDeploymentPostprocessing = 0;
		};
/* End PBXFrameworksBuildPhase section */

/* Begin PBXGroup section */
		B1D6E7982B1E99E3001668C9 = {
			isa = PBXGroup;
			children = (
				B1D6E7A32B1E99E3001668C9 /* rubiks_cube */,
				B1D6E7BD2B1E99E6001668C9 /* rubiks_cubeTests */,
				B1D6E7C72B1E99E6001668C9 /* rubiks_cubeUITests */,
				B1D6E7A22B1E99E3001668C9 /* Products */,
			);
			sourceTree = "<group>";
		};
		B1D6E7A22B1E99E3001668C9 /* Products */ = {
			isa = PBXGroup;
			children = (
				B1D6E7A12B1E99E3001668C9 /* rubiks_cube.app */,
				B1D6E7BA2B1E99E6001668C9 /* rubiks_cubeTests.xctest */,
				B1D6E7C42B1E99E6001668C9 /* rubiks_cubeUITests.xctest */,
			);
			name = Products;
			sourceTree = "<group>";
		};
		B1D6E7A32B1E99E3001668C9 /* rubiks_cube */ = {
			isa = PBXGroup;
			children = (
				B1D6E7D72B1E9A3E001668C9 /* cube.swift */,
				B1D6E7A42B1E99E3001668C9 /* AppDelegate.swift */,
				B1D6E7A62B1E99E3001668C9 /* SceneDelegate.swift */,
				B1D6E7A82B1E99E3001668C9 /* ViewController.swift */,
				B1D6E7AA2B1E99E3001668C9 /* Main.storyboard */,
				B1D6E7B02B1E99E6001668C9 /* Assets.xcassets */,
				B1D6E7B22B1E99E6001668C9 /* LaunchScreen.storyboard */,
				B1D6E7B52B1E99E6001668C9 /* Info.plist */,
				B1D6E7AD2B1E99E3001668C9 /* rubiks_cube.xcdatamodeld */,
			);
			path = rubiks_cube;
			sourceTree = "<group>";
		};
		B1D6E7BD2B1E99E6001668C9 /* rubiks_cubeTests */ = {
			isa = PBXGroup;
			children = (
				B1D6E7BE2B1E99E6001668C9 /* rubiks_cubeTests.swift */,
			);
			path = rubiks_cubeTests;
			sourceTree = "<group>";
		};
		B1D6E7C72B1E99E6001668C9 /* rubiks_cubeUITests */ = {
			isa = PBXGroup;
			children = (
				B1D6E7C82B1E99E6001668C9 /* rubiks_cubeUITests.swift */,
				B1D6E7CA2B1E99E6001668C9 /* rubiks_cubeUITestsLaunchTests.swift */,
			);
			path = rubiks_cubeUITests;
			sourceTree = "<group>";
		};
/* End PBXGroup section */

/* Begin PBXNativeTarget section */
		B1D6E7A02B1E99E3001668C9 /* rubiks_cube */ = {
			isa = PBXNativeTarget;
			buildConfigurationList = B1D6E7CE2B1E99E6001668C9 /* Build configuration list for PBXNativeTarget "rubiks_cube" */;
			buildPhases = (
				B1D6E79D2B1E99E3001668C9 /* Sources */,
				B1D6E79E2B1E99E3001668C9 /* Frameworks */,
				B1D6E79F2B1E99E3001668C9 /* Resources */,
			);
			buildRules = (
			);
			dependencies = (
			);
			name = rubiks_cube;
			productName = rubiks_cube;
			productReference = B1D6E7A12B1E99E3001668C9 /* rubiks_cube.app */;
			productType = "com.apple.product-type.application";
		};
		B1D6E7B92B1E99E6001668C9 /* rubiks_cubeTests */ = {
			isa = PBXNativeTarget;
			buildConfigurationList = B1D6E7D12B1E99E6001668C9 /* Build configuration list for PBXNativeTarget "rubiks_cubeTests" */;
			buildPhases = (
				B1D6E7B62B1E99E6001668C9 /* Sources */,
				B1D6E7B72B1E99E6001668C9 /* Frameworks */,
				B1D6E7B82B1E99E6001668C9 /* Resources */,
			);
			buildRules = (
			);
			dependencies = (
				B1D6E7BC2B1E99E6001668C9 /* PBXTargetDependency */,
			);
			name = rubiks_cubeTests;
			productName = rubiks_cubeTests;
			productReference = B1D6E7BA2B1E99E6001668C9 /* rubiks_cubeTests.xctest */;
			productType = "com.apple.product-type.bundle.unit-test";
		};
		B1D6E7C32B1E99E6001668C9 /* rubiks_cubeUITests */ = {
			isa = PBXNativeTarget;
			buildConfigurationList = B1D6E7D42B1E99E6001668C9 /* Build configuration list for PBXNativeTarget "rubiks_cubeUITests" */;
			buildPhases = (
				B1D6E7C02B1E99E6001668C9 /* Sources */,
				B1D6E7C12B1E99E6001668C9 /* Frameworks */,
				B1D6E7C22B1E99E6001668C9 /* Resources */,
			);
			buildRules = (
			);
			dependencies = (
				B1D6E7C62B1E99E6001668C9 /* PBXTargetDependency */,
			);
			name = rubiks_cubeUITests;
			productName = rubiks_cubeUITests;
			productReference = B1D6E7C42B1E99E6001668C9 /* rubiks_cubeUITests.xctest */;
			productType = "com.apple.product-type.bundle.ui-testing";
		};
/* End PBXNativeTarget section */

/* Begin PBXProject section */
		B1D6E7992B1E99E3001668C9 /* Project object */ = {
			isa = PBXProject;
			attributes = {
				BuildIndependentTargetsInParallel = 1;
				LastSwiftUpdateCheck = 1320;
				LastUpgradeCheck = 1320;
				TargetAttributes = {
					B1D6E7A02B1E99E3001668C9 = {
						CreatedOnToolsVersion = 13.2.1;
					};
					B1D6E7B92B1E99E6001668C9 = {
						CreatedOnToolsVersion = 13.2.1;
						TestTargetID = B1D6E7A02B1E99E3001668C9;
					};
					B1D6E7C32B1E99E6001668C9 = {
						CreatedOnToolsVersion = 13.2.1;
						TestTargetID = B1D6E7A02B1E99E3001668C9;
					};
				};
			};
			buildConfigurationList = B1D6E79C2B1E99E3001668C9 /* Build configuration list for PBXProject "rubiks_cube" */;
			compatibilityVersion = "Xcode 13.0";
			developmentRegion = en;
			hasScannedForEncodings = 0;
			knownRegions = (
				en,
				Base,
			);
			mainGroup = B1D6E7982B1E99E3001668C9;
			productRefGroup = B1D6E7A22B1E99E3001668C9 /* Products */;
			projectDirPath = "";
			projectRoot = "";
			targets = (
				B1D6E7A02B1E99E3001668C9 /* rubiks_cube */,
				B1D6E7B92B1E99E6001668C9 /* rubiks_cubeTests */,
				B1D6E7C32B1E99E6001668C9 /* rubiks_cubeUITests */,
			);
		};
/* End PBXProject section */

/* Begin PBXResourcesBuildPhase section */
		B1D6E79F2B1E99E3001668C9 /* Resources */ = {
			isa = PBXResourcesBuildPhase;
			buildActionMask = 2147483647;
			files = (
				B1D6E7B42B1E99E6001668C9 /* LaunchScreen.storyboard in Resources */,
				B1D6E7B12B1E99E6001668C9 /* Assets.xcassets in Resources */,
				B1D6E7AC2B1E99E3001668C9 /* Main.storyboard in Resources */,
			);
			runOnlyForDeploymentPostprocessing = 0;
		};
		B1D6E7B82B1E99E6001668C9 /* Resources */ = {
			isa = PBXResourcesBuildPhase;
			buildActionMask = 2147483647;
			files = (
			);
			runOnlyForDeploymentPostprocessing = 0;
		};
		B1D6E7C22B1E99E6001668C9 /* Resources */ = {
			isa = PBXResourcesBuildPhase;
			buildActionMask = 2147483647;
			files = (
			);
			runOnlyForDeploymentPostprocessing = 0;
		};
/* End PBXResourcesBuildPhase section */

/* Begin PBXSourcesBuildPhase section */
		B1D6E79D2B1E99E3001668C9 /* Sources */ = {
			isa = PBXSourcesBuildPhase;
			buildActionMask = 2147483647;
			files = (
				B1D6E7A92B1E99E3001668C9 /* ViewController.swift in Sources */,
				B1D6E7A52B1E99E3001668C9 /* AppDelegate.swift in Sources */,
				B1D6E7D82B1E9A3E001668C9 /* cube.swift in Sources */,
				B1D6E7AF2B1E99E3001668C9 /* rubiks_cube.xcdatamodeld in Sources */,
				B1D6E7A72B1E99E3001668C9 /* SceneDelegate.swift in Sources */,
			);
			runOnlyForDeploymentPostprocessing = 0;
		};
		B1D6E7B62B1E99E6001668C9 /* Sources */ = {
			isa = PBXSourcesBuildPhase;
			buildActionMask = 2147483647;
			files = (
				B1D6E7BF2B1E99E6001668C9 /* rubiks_cubeTests.swift in Sources */,
			);
			runOnlyForDeploymentPostprocessing = 0;
		};
		B1D6E7C02B1E99E6001668C9 /* Sources */ = {
			isa = PBXSourcesBuildPhase;
			buildActionMask = 2147483647;
			files = (
				B1D6E7C92B1E99E6001668C9 /* rubiks_cubeUITests.swift in Sources */,
				B1D6E7CB2B1E99E6001668C9 /* rubiks_cubeUITestsLaunchTests.swift in Sources */,
			);
			runOnlyForDeploymentPostprocessing = 0;
		};
/* End PBXSourcesBuildPhase section */

/* Begin PBXTargetDependency section */
		B1D6E7BC2B1E99E6001668C9 /* PBXTargetDependency */ = {
			isa = PBXTargetDependency;
			target = B1D6E7A02B1E99E3001668C9 /* rubiks_cube */;
			targetProxy = B1D6E7BB2B1E99E6001668C9 /* PBXContainerItemProxy */;
		};
		B1D6E7C62B1E99E6001668C9 /* PBXTargetDependency */ = {
			isa = PBXTargetDependency;
			target = B1D6E7A02B1E99E3001668C9 /* rubiks_cube */;
			targetProxy = B1D6E7C52B1E99E6001668C9 /* PBXContainerItemProxy */;
		};
/* End PBXTargetDependency section */

/* Begin PBXVariantGroup section */
		B1D6E7AA2B1E99E3001668C9 /* Main.storyboard */ = {
			isa = PBXVariantGroup;
			children = (
				B1D6E7AB2B1E99E3001668C9 /* Base */,
			);
			name = Main.storyboard;
			sourceTree = "<group>";
		};
		B1D6E7B22B1E99E6001668C9 /* LaunchScreen.storyboard */ = {
			isa = PBXVariantGroup;
			children = (
				B1D6E7B32B1E99E6001668C9 /* Base */,
			);
			name = LaunchScreen.storyboard;
			sourceTree = "<group>";
		};
/* End PBXVariantGroup section */

/* Begin XCBuildConfiguration section */
		B1D6E7CC2B1E99E6001668C9 /* Debug */ = {
			isa = XCBuildConfiguration;
			buildSettings = {
				ALWAYS_SEARCH_USER_PATHS = NO;
				CLANG_ANALYZER_NONNULL = YES;
				CLANG_ANALYZER_NUMBER_OBJECT_CONVERSION = YES_AGGRESSIVE;
				CLANG_CXX_LANGUAGE_STANDARD = "gnu++17";
				CLANG_CXX_LIBRARY = "libc++";
				CLANG_ENABLE_MODULES = YES;
				CLANG_ENABLE_OBJC_ARC = YES;
				CLANG_ENABLE_OBJC_WEAK = YES;
				CLANG_WARN_BLOCK_CAPTURE_AUTORELEASING = YES;
				CLANG_WARN_BOOL_CONVERSION = YES;
				CLANG_WARN_COMMA = YES;
				CLANG_WARN_CONSTANT_CONVERSION = YES;
				CLANG_WARN_DEPRECATED_OBJC_IMPLEMENTATIONS = YES;
				CLANG_WARN_DIRECT_OBJC_ISA_USAGE = YES_ERROR;
				CLANG_WARN_DOCUMENTATION_COMMENTS = YES;
				CLANG_WARN_EMPTY_BODY = YES;
				CLANG_WARN_ENUM_CONVERSION = YES;
				CLANG_WARN_INFINITE_RECURSION = YES;
				CLANG_WARN_INT_CONVERSION = YES;
				CLANG_WARN_NON_LITERAL_NULL_CONVERSION = YES;
				CLANG_WARN_OBJC_IMPLICIT_RETAIN_SELF = YES;
				CLANG_WARN_OBJC_LITERAL_CONVERSION = YES;
				CLANG_WARN_OBJC_ROOT_CLASS = YES_ERROR;
				CLANG_WARN_QUOTED_INCLUDE_IN_FRAMEWORK_HEADER = YES;
				CLANG_WARN_RANGE_LOOP_ANALYSIS = YES;
				CLANG_WARN_STRICT_PROTOTYPES = YES;
				CLANG_WARN_SUSPICIOUS_MOVE = YES;
				CLANG_WARN_UNGUARDED_AVAILABILITY = YES_AGGRESSIVE;
				CLANG_WARN_UNREACHABLE_CODE = YES;
				CLANG_WARN__DUPLICATE_METHOD_MATCH = YES;
				COPY_PHASE_STRIP = NO;
				DEBUG_INFORMATION_FORMAT = dwarf;
				ENABLE_STRICT_OBJC_MSGSEND = YES;
				ENABLE_TESTABILITY = YES;
				GCC_C_LANGUAGE_STANDARD = gnu11;
				GCC_DYNAMIC_NO_PIC = NO;
				GCC_NO_COMMON_BLOCKS = YES;
				GCC_OPTIMIZATION_LEVEL = 0;
				GCC_PREPROCESSOR_DEFINITIONS = (
					"DEBUG=1",
					"$(inherited)",
				);
				GCC_WARN_64_TO_32_BIT_CONVERSION = YES;
				GCC_WARN_ABOUT_RETURN_TYPE = YES_ERROR;
				GCC_WARN_UNDECLARED_SELECTOR = YES;
				GCC_WARN_UNINITIALIZED_AUTOS = YES_AGGRESSIVE;
				GCC_WARN_UNUSED_FUNCTION = YES;
				GCC_WARN_UNUSED_VARIABLE = YES;
				IPHONEOS_DEPLOYMENT_TARGET = 15.2;
				MTL_ENABLE_DEBUG_INFO = INCLUDE_SOURCE;
				MTL_FAST_MATH = YES;
				ONLY_ACTIVE_ARCH = YES;
				SDKROOT = iphoneos;
				SWIFT_ACTIVE_COMPILATION_CONDITIONS = DEBUG;
				SWIFT_OPTIMIZATION_LEVEL = "-Onone";
			};
			name = Debug;
		};
		B1D6E7CD2B1E99E6001668C9 /* Release */ = {
			isa = XCBuildConfiguration;
			buildSettings = {
				ALWAYS_SEARCH_USER_PATHS = NO;
				CLANG_ANALYZER_NONNULL = YES;
				CLANG_ANALYZER_NUMBER_OBJECT_CONVERSION = YES_AGGRESSIVE;
				CLANG_CXX_LANGUAGE_STANDARD = "gnu++17";
				CLANG_CXX_LIBRARY = "libc++";
				CLANG_ENABLE_MODULES = YES;
				CLANG_ENABLE_OBJC_ARC = YES;
				CLANG_ENABLE_OBJC_WEAK = YES;
				CLANG_WARN_BLOCK_CAPTURE_AUTORELEASING = YES;
				CLANG_WARN_BOOL_CONVERSION = YES;
				CLANG_WARN_COMMA = YES;
				CLANG_WARN_CONSTANT_CONVERSION = YES;
				CLANG_WARN_DEPRECATED_OBJC_IMPLEMENTATIONS = YES;
				CLANG_WARN_DIRECT_OBJC_ISA_USAGE = YES_ERROR;
				CLANG_WARN_DOCUMENTATION_COMMENTS = YES;
				CLANG_WARN_EMPTY_BODY = YES;
				CLANG_WARN_ENUM_CONVERSION = YES;
				CLANG_WARN_INFINITE_RECURSION = YES;
				CLANG_WARN_INT_CONVERSION = YES;
				CLANG_WARN_NON_LITERAL_NULL_CONVERSION = YES;
				CLANG_WARN_OBJC_IMPLICIT_RETAIN_SELF = YES;
				CLANG_WARN_OBJC_LITERAL_CONVERSION = YES;
				CLANG_WARN_OBJC_ROOT_CLASS = YES_ERROR;
				CLANG_WARN_QUOTED_INCLUDE_IN_FRAMEWORK_HEADER = YES;
				CLANG_WARN_RANGE_LOOP_ANALYSIS = YES;
				CLANG_WARN_STRICT_PROTOTYPES = YES;
				CLANG_WARN_SUSPICIOUS_MOVE = YES;
				CLANG_WARN_UNGUARDED_AVAILABILITY = YES_AGGRESSIVE;
				CLANG_WARN_UNREACHABLE_CODE = YES;
				CLANG_WARN__DUPLICATE_METHOD_MATCH = YES;
				COPY_PHASE_STRIP = NO;
				DEBUG_INFORMATION_FORMAT = "dwarf-with-dsym";
				ENABLE_NS_ASSERTIONS = NO;
				ENABLE_STRICT_OBJC_MSGSEND = YES;
				GCC_C_LANGUAGE_STANDARD = gnu11;
				GCC_NO_COMMON_BLOCKS = YES;
				GCC_WARN_64_TO_32_BIT_CONVERSION = YES;
				GCC_WARN_ABOUT_RETURN_TYPE = YES_ERROR;
				GCC_WARN_UNDECLARED_SELECTOR = YES;
				GCC_WARN_UNINITIALIZED_AUTOS = YES_AGGRESSIVE;
				GCC_WARN_UNUSED_FUNCTION = YES;
				GCC_WARN_UNUSED_VARIABLE = YES;
				IPHONEOS_DEPLOYMENT_TARGET = 15.2;
				MTL_ENABLE_DEBUG_INFO = NO;
				MTL_FAST_MATH = YES;
				SDKROOT = iphoneos;
				SWIFT_COMPILATION_MODE = wholemodule;
				SWIFT_OPTIMIZATION_LEVEL = "-O";
				VALIDATE_PRODUCT = YES;
			};
			name = Release;
		};
		B1D6E7CF2B1E99E6001668C9 /* Debug */ = {
			isa = XCBuildConfiguration;
			buildSettings = {
				ASSETCATALOG_COMPILER_APPICON_NAME = AppIcon;
				ASSETCATALOG_COMPILER_GLOBAL_ACCENT_COLOR_NAME = AccentColor;
				CODE_SIGN_STYLE = Automatic;
				CURRENT_PROJECT_VERSION = 1;
				GENERATE_INFOPLIST_FILE = YES;
				INFOPLIST_FILE = rubiks_cube/Info.plist;
				INFOPLIST_KEY_UIApplicationSupportsIndirectInputEvents = YES;
				INFOPLIST_KEY_UILaunchStoryboardName = LaunchScreen;
				INFOPLIST_KEY_UIMainStoryboardFile = Main;
				INFOPLIST_KEY_UISupportedInterfaceOrientations_iPad = "UIInterfaceOrientationPortrait UIInterfaceOrientationPortraitUpsideDown UIInterfaceOrientationLandscapeLeft UIInterfaceOrientationLandscapeRight";
				INFOPLIST_KEY_UISupportedInterfaceOrientations_iPhone = "UIInterfaceOrientationPortrait UIInterfaceOrientationLandscapeLeft UIInterfaceOrientationLandscapeRight";
				LD_RUNPATH_SEARCH_PATHS = (
					"$(inherited)",
					"@executable_path/Frameworks",
				);
				MARKETING_VERSION = 1.0;
				PRODUCT_BUNDLE_IDENTIFIER = "kilometer.rubiks-cube";
				PRODUCT_NAME = "$(TARGET_NAME)";
				SWIFT_EMIT_LOC_STRINGS = YES;
				SWIFT_VERSION = 5.0;
				TARGETED_DEVICE_FAMILY = "1,2";
			};
			name = Debug;
		};
		B1D6E7D02B1E99E6001668C9 /* Release */ = {
			isa = XCBuildConfiguration;
			buildSettings = {
				ASSETCATALOG_COMPILER_APPICON_NAME = AppIcon;
				ASSETCATALOG_COMPILER_GLOBAL_ACCENT_COLOR_NAME = AccentColor;
				CODE_SIGN_STYLE = Automatic;
				CURRENT_PROJECT_VERSION = 1;
				GENERATE_INFOPLIST_FILE = YES;
				INFOPLIST_FILE = rubiks_cube/Info.plist;
				INFOPLIST_KEY_UIApplicationSupportsIndirectInputEvents = YES;
				INFOPLIST_KEY_UILaunchStoryboardName = LaunchScreen;
				INFOPLIST_KEY_UIMainStoryboardFile = Main;
				INFOPLIST_KEY_UISupportedInterfaceOrientations_iPad = "UIInterfaceOrientationPortrait UIInterfaceOrientationPortraitUpsideDown UIInterfaceOrientationLandscapeLeft UIInterfaceOrientationLandscapeRight";
				INFOPLIST_KEY_UISupportedInterfaceOrientations_iPhone = "UIInterfaceOrientationPortrait UIInterfaceOrientationLandscapeLeft UIInterfaceOrientationLandscapeRight";
				LD_RUNPATH_SEARCH_PATHS = (
					"$(inherited)",
					"@executable_path/Frameworks",
				);
				MARKETING_VERSION = 1.0;
				PRODUCT_BUNDLE_IDENTIFIER = "kilometer.rubiks-cube";
				PRODUCT_NAME = "$(TARGET_NAME)";
				SWIFT_EMIT_LOC_STRINGS = YES;
				SWIFT_VERSION = 5.0;
				TARGETED_DEVICE_FAMILY = "1,2";
			};
			name = Release;
		};
		B1D6E7D22B1E99E6001668C9 /* Debug */ = {
			isa = XCBuildConfiguration;
			buildSettings = {
				ALWAYS_EMBED_SWIFT_STANDARD_LIBRARIES = YES;
				BUNDLE_LOADER = "$(TEST_HOST)";
				CODE_SIGN_STYLE = Automatic;
				CURRENT_PROJECT_VERSION = 1;
				GENERATE_INFOPLIST_FILE = YES;
				IPHONEOS_DEPLOYMENT_TARGET = 15.2;
				MARKETING_VERSION = 1.0;
				PRODUCT_BUNDLE_IDENTIFIER = "kilometer.rubiks-cubeTests";
				PRODUCT_NAME = "$(TARGET_NAME)";
				SWIFT_EMIT_LOC_STRINGS = NO;
				SWIFT_VERSION = 5.0;
				TARGETED_DEVICE_FAMILY = "1,2";
				TEST_HOST = "$(BUILT_PRODUCTS_DIR)/rubiks_cube.app/rubiks_cube";
			};
			name = Debug;
		};
		B1D6E7D32B1E99E6001668C9 /* Release */ = {
			isa = XCBuildConfiguration;
			buildSettings = {
				ALWAYS_EMBED_SWIFT_STANDARD_LIBRARIES = YES;
				BUNDLE_LOADER = "$(TEST_HOST)";
				CODE_SIGN_STYLE = Automatic;
				CURRENT_PROJECT_VERSION = 1;
				GENERATE_INFOPLIST_FILE = YES;
				IPHONEOS_DEPLOYMENT_TARGET = 15.2;
				MARKETING_VERSION = 1.0;
				PRODUCT_BUNDLE_IDENTIFIER = "kilometer.rubiks-cubeTests";
				PRODUCT_NAME = "$(TARGET_NAME)";
				SWIFT_EMIT_LOC_STRINGS = NO;
				SWIFT_VERSION = 5.0;
				TARGETED_DEVICE_FAMILY = "1,2";
				TEST_HOST = "$(BUILT_PRODUCTS_DIR)/rubiks_cube.app/rubiks_cube";
			};
			name = Release;
		};
		B1D6E7D52B1E99E6001668C9 /* Debug */ = {
			isa = XCBuildConfiguration;
			buildSettings = {
				ALWAYS_EMBED_SWIFT_STANDARD_LIBRARIES = YES;
				CODE_SIGN_STYLE = Automatic;
				CURRENT_PROJECT_VERSION = 1;
				GENERATE_INFOPLIST_FILE = YES;
				MARKETING_VERSION = 1.0;
				PRODUCT_BUNDLE_IDENTIFIER = "kilometer.rubiks-cubeUITests";
				PRODUCT_NAME = "$(TARGET_NAME)";
				SWIFT_EMIT_LOC_STRINGS = NO;
				SWIFT_VERSION = 5.0;
				TARGETED_DEVICE_FAMILY = "1,2";
				TEST_TARGET_NAME = rubiks_cube;
			};
			name = Debug;
		};
		B1D6E7D62B1E99E6001668C9 /* Release */ = {
			isa = XCBuildConfiguration;
			buildSettings = {
				ALWAYS_EMBED_SWIFT_STANDARD_LIBRARIES = YES;
				CODE_SIGN_STYLE = Automatic;
				CURRENT_PROJECT_VERSION = 1;
				GENERATE_INFOPLIST_FILE = YES;
				MARKETING_VERSION = 1.0;
				PRODUCT_BUNDLE_IDENTIFIER = "kilometer.rubiks-cubeUITests";
				PRODUCT_NAME = "$(TARGET_NAME)";
				SWIFT_EMIT_LOC_STRINGS = NO;
				SWIFT_VERSION = 5.0;
				TARGETED_DEVICE_FAMILY = "1,2";
				TEST_TARGET_NAME = rubiks_cube;
			};
			name = Release;
		};
/* End XCBuildConfiguration section */

/* Begin XCConfigurationList section */
		B1D6E79C2B1E99E3001668C9 /* Build configuration list for PBXProject "rubiks_cube" */ = {
			isa = XCConfigurationList;
			buildConfigurations = (
				B1D6E7CC2B1E99E6001668C9 /* Debug */,
				B1D6E7CD2B1E99E6001668C9 /* Release */,
			);
			defaultConfigurationIsVisible = 0;
			defaultConfigurationName = Release;
		};
		B1D6E7CE2B1E99E6001668C9 /* Build configuration list for PBXNativeTarget "rubiks_cube" */ = {
			isa = XCConfigurationList;
			buildConfigurations = (
				B1D6E7CF2B1E99E6001668C9 /* Debug */,
				B1D6E7D02B1E99E6001668C9 /* Release */,
			);
			defaultConfigurationIsVisible = 0;
			defaultConfigurationName = Release;
		};
		B1D6E7D12B1E99E6001668C9 /* Build configuration list for PBXNativeTarget "rubiks_cubeTests" */ = {
			isa = XCConfigurationList;
			buildConfigurations = (
				B1D6E7D22B1E99E6001668C9 /* Debug */,
				B1D6E7D32B1E99E6001668C9 /* Release */,
			);
			defaultConfigurationIsVisible = 0;
			defaultConfigurationName = Release;
		};
		B1D6E7D42B1E99E6001668C9 /* Build configuration list for PBXNativeTarget "rubiks_cubeUITests" */ = {
			isa = XCConfigurationList;
			buildConfigurations = (
				B1D6E7D52B1E99E6001668C9 /* Debug */,
				B1D6E7D62B1E99E6001668C9 /* Release */,
			);
			defaultConfigurationIsVisible = 0;
			defaultConfigurationName = Release;
		};
/* End XCConfigurationList section */

/* Begin XCVersionGroup section */
		B1D6E7AD2B1E99E3001668C9 /* rubiks_cube.xcdatamodeld */ = {
			isa = XCVersionGroup;
			children = (
				B1D6E7AE2B1E99E3001668C9 /* rubiks_cube.xcdatamodel */,
			);
			currentVersion = B1D6E7AE2B1E99E3001668C9 /* rubiks_cube.xcdatamodel */;
			path = rubiks_cube.xcdatamodeld;
			sourceTree = "<group>";
			versionGroupType = wrapper.xcdatamodel;
		};
/* End XCVersionGroup section */
	};
	rootObject = B1D6E7992B1E99E3001668C9 /* Project object */;
}
